
Microsoft Visual Studio Solution File, Format Version 12.00
Project("{FAE04EC0-301F-11D3-BF4B-00C04F79EFBC}") = "common-vector-ops", "common-vector-ops\common-vector-ops.csproj", "{B710FD05-30D3-48AA-A97A-CBB9D417FE74}"
EndProject
Global
	GlobalSection(SolutionConfigurationPlatforms) = preSolution
		Debug|Any CPU = Debug|Any CPU
		Release|Any CPU = Release|Any CPU
	EndGlobalSection
	GlobalSection(ProjectConfigurationPlatforms) = postSolution
		{B710FD05-30D3-48AA-A97A-CBB9D417FE74}.Debug|Any CPU.ActiveCfg = Debug|Any CPU
		{B710FD05-30D3-48AA-A97A-CBB9D417FE74}.Debug|Any CPU.Build.0 = Debug|Any CPU
		{B710FD05-30D3-48AA-A97A-CBB9D417FE74}.Release|Any CPU.ActiveCfg = Release|Any CPU
		{B710FD05-30D3-48AA-A97A-CBB9D417FE74}.Release|Any CPU.Build.0 = Release|Any CPU
	EndGlobalSection
EndGlobal
